
Microsoft Visual Studio Solution File, Format Version 12.00
# Visual Studio Version 16
VisualStudioVersion = 16.0.29411.108
MinimumVisualStudioVersion = 10.0.40219.1
Project("{9A19103F-16F7-4668-BE54-9A1E7A4F7556}") = "Panosen.Time", "Panosen.Time\Panosen.Time.csproj", "{0006AD50-C02E-4791-BDE4-CA3ECE4A92C7}"
EndProject
Project("{FAE04EC0-301F-11D3-BF4B-00C04F79EFBC}") = "Panosen.Time.MSTest", "Panosen.Time.MSTest\Panosen.Time.MSTest.csproj", "{01814B40-26F8-4D16-A296-194FD980BD73}"
EndProject
Global
	GlobalSection(SolutionConfigurationPlatforms) = preSolution
		Debug|Any CPU = Debug|Any CPU
		Release|Any CPU = Release|Any CPU
	EndGlobalSection
	GlobalSection(ProjectConfigurationPlatforms) = postSolution
		{0006AD50-C02E-4791-BDE4-CA3ECE4A92C7}.Debug|Any CPU.ActiveCfg = Debug|Any CPU
		{0006AD50-C02E-4791-BDE4-CA3ECE4A92C7}.Debug|Any CPU.Build.0 = Debug|Any CPU
		{0006AD50-C02E-4791-BDE4-CA3ECE4A92C7}.Release|Any CPU.ActiveCfg = Release|Any CPU
		{0006AD50-C02E-4791-BDE4-CA3ECE4A92C7}.Release|Any CPU.Build.0 = Release|Any CPU
		{01814B40-26F8-4D16-A296-194FD980BD73}.Debug|Any CPU.ActiveCfg = Debug|Any CPU
		{01814B40-26F8-4D16-A296-194FD980BD73}.Debug|Any CPU.Build.0 = Debug|Any CPU
		{01814B40-26F8-4D16-A296-194FD980BD73}.Release|Any CPU.ActiveCfg = Release|Any CPU
		{01814B40-26F8-4D16-A296-194FD980BD73}.Release|Any CPU.Build.0 = Release|Any CPU
	EndGlobalSection
	GlobalSection(SolutionProperties) = preSolution
		HideSolutionNode = FALSE
	EndGlobalSection
	GlobalSection(ExtensibilityGlobals) = postSolution
		SolutionGuid = {017CDC62-BD0A-489C-AFD6-4E49B6027DEA}
	EndGlobalSection
EndGlobal
